{
  "name": "sanma-maqueta",
  "version": "1.0.0",
  "lockfileVersion": 1,
  "requires": true,
  "dependencies": {
    "uikit": {
      "version": "3.0.0-rc.17",
      "resolved": "https://registry.npmjs.org/uikit/-/uikit-3.0.0-rc.17.tgz",
      "integrity": "sha512-uot0lldkFgdF/9Ubo0cJKvhdL+SeoEjWQpIPK1UqdpFxSX/1eAD0FLKmwWspHzfk+kp59rrs74j0CYNXgK6j6A==",
      "dev": true
    }
  }
}
